
Microsoft Visual Studio Solution File, Format Version 12.00
# Visual Studio Version 17
VisualStudioVersion = 17.5.002.0
MinimumVisualStudioVersion = 10.0.40219.1
Project("{2150E333-8FDC-42A3-9474-1A3956D46DE8}") = "Etiquette", "Etiquette", "{6A1C7725-9C93-4105-89D2-758F0BAD4BCF}"
EndProject
Project("{9A19103F-16F7-4668-BE54-9A1E7A4F7556}") = "ImageHighlighter", "Etiquette\ImageHighlighter\ImageHighlighter.csproj", "{947F199A-840E-4CC3-90EA-A9A5BA51036D}"
EndProject
Project("{9A19103F-16F7-4668-BE54-9A1E7A4F7556}") = "PdfToImages", "Etiquette\PdfToImages\PdfToImages.csproj", "{33FC72EC-1AB0-4D2D-BC3F-259CC43E4998}"
EndProject
Global
	GlobalSection(SolutionConfigurationPlatforms) = preSolution
		Debug|Any CPU = Debug|Any CPU
		Release|Any CPU = Release|Any CPU
	EndGlobalSection
	GlobalSection(ProjectConfigurationPlatforms) = postSolution
		{947F199A-840E-4CC3-90EA-A9A5BA51036D}.Debug|Any CPU.ActiveCfg = Debug|Any CPU
		{947F199A-840E-4CC3-90EA-A9A5BA51036D}.Debug|Any CPU.Build.0 = Debug|Any CPU
		{947F199A-840E-4CC3-90EA-A9A5BA51036D}.Release|Any CPU.ActiveCfg = Release|Any CPU
		{947F199A-840E-4CC3-90EA-A9A5BA51036D}.Release|Any CPU.Build.0 = Release|Any CPU
		{33FC72EC-1AB0-4D2D-BC3F-259CC43E4998}.Debug|Any CPU.ActiveCfg = Debug|Any CPU
		{33FC72EC-1AB0-4D2D-BC3F-259CC43E4998}.Debug|Any CPU.Build.0 = Debug|Any CPU
		{33FC72EC-1AB0-4D2D-BC3F-259CC43E4998}.Release|Any CPU.ActiveCfg = Release|Any CPU
		{33FC72EC-1AB0-4D2D-BC3F-259CC43E4998}.Release|Any CPU.Build.0 = Release|Any CPU
	EndGlobalSection
	GlobalSection(SolutionProperties) = preSolution
		HideSolutionNode = FALSE
	EndGlobalSection
	GlobalSection(NestedProjects) = preSolution
		{947F199A-840E-4CC3-90EA-A9A5BA51036D} = {6A1C7725-9C93-4105-89D2-758F0BAD4BCF}
		{33FC72EC-1AB0-4D2D-BC3F-259CC43E4998} = {6A1C7725-9C93-4105-89D2-758F0BAD4BCF}
	EndGlobalSection
	GlobalSection(ExtensibilityGlobals) = postSolution
		SolutionGuid = {D11B4AAA-E5FF-48DD-BCAA-7F3503283616}
	EndGlobalSection
EndGlobal
